
Microsoft Visual Studio Solution File, Format Version 12.00
# Visual Studio Version 17
VisualStudioVersion = 17.3.32929.385
MinimumVisualStudioVersion = 10.0.40219.1
Project("{FAE04EC0-301F-11D3-BF4B-00C04F79EFBC}") = "StringCalculatorKata", "StringCalculatorKata\StringCalculatorKata.csproj", "{1E736AAC-34B4-4BE9-A44A-CDCDADCEBD2A}"
EndProject
Project("{FAE04EC0-301F-11D3-BF4B-00C04F79EFBC}") = "StringCalculatorKata.Tests", "StringCalculatorKata.Tests\StringCalculatorKata.Tests.csproj", "{3B46C038-2B41-4633-A4DB-8BAB1AEFC503}"
EndProject
Global
	GlobalSection(SolutionConfigurationPlatforms) = preSolution
		Debug|Any CPU = Debug|Any CPU
		Release|Any CPU = Release|Any CPU
	EndGlobalSection
	GlobalSection(ProjectConfigurationPlatforms) = postSolution
		{1E736AAC-34B4-4BE9-A44A-CDCDADCEBD2A}.Debug|Any CPU.ActiveCfg = Debug|Any CPU
		{1E736AAC-34B4-4BE9-A44A-CDCDADCEBD2A}.Debug|Any CPU.Build.0 = Debug|Any CPU
		{1E736AAC-34B4-4BE9-A44A-CDCDADCEBD2A}.Release|Any CPU.ActiveCfg = Release|Any CPU
		{1E736AAC-34B4-4BE9-A44A-CDCDADCEBD2A}.Release|Any CPU.Build.0 = Release|Any CPU
		{3B46C038-2B41-4633-A4DB-8BAB1AEFC503}.Debug|Any CPU.ActiveCfg = Debug|Any CPU
		{3B46C038-2B41-4633-A4DB-8BAB1AEFC503}.Debug|Any CPU.Build.0 = Debug|Any CPU
		{3B46C038-2B41-4633-A4DB-8BAB1AEFC503}.Release|Any CPU.ActiveCfg = Release|Any CPU
		{3B46C038-2B41-4633-A4DB-8BAB1AEFC503}.Release|Any CPU.Build.0 = Release|Any CPU
	EndGlobalSection
	GlobalSection(SolutionProperties) = preSolution
		HideSolutionNode = FALSE
	EndGlobalSection
	GlobalSection(ExtensibilityGlobals) = postSolution
		SolutionGuid = {843E05C9-0E62-41B5-95F7-7B897D7E73A4}
	EndGlobalSection
EndGlobal
